{
  "name": "bootstrap-custom-elements",
  "version": "1.0.0",
  "lockfileVersion": 1,
  "requires": true,
  "dependencies": {
    "bootstrap": {
      "version": "4.3.1",
      "resolved": "https://registry.npmjs.org/bootstrap/-/bootstrap-4.3.1.tgz",
      "integrity": "sha512-rXqOmH1VilAt2DyPzluTi2blhk17bO7ef+zLLPlWvG494pDxcM234pJ8wTc/6R40UWizAIIMgxjvxZg5kmsbag==",
      "dev": true
    },
    "variabilize-css": {
      "version": "git+https://github.com/fahimc/variabilize-css.git#1fa563a1dc363a1db074dcca3575257b9cf5f2e9",
      "from": "git+https://github.com/fahimc/variabilize-css.git",
      "dev": true
    }
  }
}
